// !$*UTF8*$!
{
	archiveVersion = 1;
	classes = {
	};
	objectVersion = 56;
	objects = {

/* Begin PBXBuildFile section */
		640BB7B629F6507B00B9CE69 /* GFTitleLabel.swift in Sources */ = {isa = PBXBuildFile; fileRef = 640BB7B529F6507B00B9CE69 /* GFTitleLabel.swift */; };
		640BB7B829F6522D00B9CE69 /* GFBodyLabel.swift in Sources */ = {isa = PBXBuildFile; fileRef = 640BB7B729F6522D00B9CE69 /* GFBodyLabel.swift */; };
		640BB7BC29F6580100B9CE69 /* GFAlertVC.swift in Sources */ = {isa = PBXBuildFile; fileRef = 640BB7BB29F6580100B9CE69 /* GFAlertVC.swift */; };
		640BB7BE29F6638B00B9CE69 /* UIViewController+Ext.swift in Sources */ = {isa = PBXBuildFile; fileRef = 640BB7BD29F6638B00B9CE69 /* UIViewController+Ext.swift */; };
		6495C1D829F973F000F225BC /* Follower.swift in Sources */ = {isa = PBXBuildFile; fileRef = 6495C1D729F973F000F225BC /* Follower.swift */; };
		6495C1DA29F9740300F225BC /* User.swift in Sources */ = {isa = PBXBuildFile; fileRef = 6495C1D929F9740300F225BC /* User.swift */; };
		6495C1DD29F9944500F225BC /* NetworkManager.swift in Sources */ = {isa = PBXBuildFile; fileRef = 6495C1DC29F9944500F225BC /* NetworkManager.swift */; };
		64C72FD829F31201007EFB0B /* AppDelegate.swift in Sources */ = {isa = PBXBuildFile; fileRef = 64C72FD729F31201007EFB0B /* AppDelegate.swift */; };
		64C72FDA29F31201007EFB0B /* SceneDelegate.swift in Sources */ = {isa = PBXBuildFile; fileRef = 64C72FD929F31201007EFB0B /* SceneDelegate.swift */; };
		64C72FE129F31204007EFB0B /* Assets.xcassets in Resources */ = {isa = PBXBuildFile; fileRef = 64C72FE029F31204007EFB0B /* Assets.xcassets */; };
		64C72FE429F31204007EFB0B /* LaunchScreen.storyboard in Resources */ = {isa = PBXBuildFile; fileRef = 64C72FE229F31204007EFB0B /* LaunchScreen.storyboard */; };
		64C7301E29F41730007EFB0B /* SearchVC.swift in Sources */ = {isa = PBXBuildFile; fileRef = 64C7301D29F41730007EFB0B /* SearchVC.swift */; };
		64C7302029F4180E007EFB0B /* FavouritesListVC.swift in Sources */ = {isa = PBXBuildFile; fileRef = 64C7301F29F4180E007EFB0B /* FavouritesListVC.swift */; };
		64FC080729F5AC230070D585 /* GFButton.swift in Sources */ = {isa = PBXBuildFile; fileRef = 64FC080629F5AC230070D585 /* GFButton.swift */; };
		64FC080929F5B3B90070D585 /* GFTextField.swift in Sources */ = {isa = PBXBuildFile; fileRef = 64FC080829F5B3B90070D585 /* GFTextField.swift */; };
		64FC080B29F5C8BB0070D585 /* FollowerListVC.swift in Sources */ = {isa = PBXBuildFile; fileRef = 64FC080A29F5C8BB0070D585 /* FollowerListVC.swift */; };
/* End PBXBuildFile section */

/* Begin PBXFileReference section */
		640BB7B529F6507B00B9CE69 /* GFTitleLabel.swift */ = {isa = PBXFileReference; lastKnownFileType = sourcecode.swift; path = GFTitleLabel.swift; sourceTree = "<group>"; };
		640BB7B729F6522D00B9CE69 /* GFBodyLabel.swift */ = {isa = PBXFileReference; lastKnownFileType = sourcecode.swift; path = GFBodyLabel.swift; sourceTree = "<group>"; };
		640BB7BB29F6580100B9CE69 /* GFAlertVC.swift */ = {isa = PBXFileReference; lastKnownFileType = sourcecode.swift; path = GFAlertVC.swift; sourceTree = "<group>"; };
		640BB7BD29F6638B00B9CE69 /* UIViewController+Ext.swift */ = {isa = PBXFileReference; lastKnownFileType = sourcecode.swift; path = "UIViewController+Ext.swift"; sourceTree = "<group>"; };
		6495C1D729F973F000F225BC /* Follower.swift */ = {isa = PBXFileReference; lastKnownFileType = sourcecode.swift; path = Follower.swift; sourceTree = "<group>"; };
		6495C1D929F9740300F225BC /* User.swift */ = {isa = PBXFileReference; lastKnownFileType = sourcecode.swift; path = User.swift; sourceTree = "<group>"; };
		6495C1DC29F9944500F225BC /* NetworkManager.swift */ = {isa = PBXFileReference; lastKnownFileType = sourcecode.swift; path = NetworkManager.swift; sourceTree = "<group>"; };
		64C72FD429F31201007EFB0B /* Github followers.app */ = {isa = PBXFileReference; explicitFileType = wrapper.application; includeInIndex = 0; path = "Github followers.app"; sourceTree = BUILT_PRODUCTS_DIR; };
		64C72FD729F31201007EFB0B /* AppDelegate.swift */ = {isa = PBXFileReference; lastKnownFileType = sourcecode.swift; path = AppDelegate.swift; sourceTree = "<group>"; };
		64C72FD929F31201007EFB0B /* SceneDelegate.swift */ = {isa = PBXFileReference; lastKnownFileType = sourcecode.swift; path = SceneDelegate.swift; sourceTree = "<group>"; };
		64C72FE029F31204007EFB0B /* Assets.xcassets */ = {isa = PBXFileReference; lastKnownFileType = folder.assetcatalog; path = Assets.xcassets; sourceTree = "<group>"; };
		64C72FE329F31204007EFB0B /* Base */ = {isa = PBXFileReference; lastKnownFileType = file.storyboard; name = Base; path = Base.lproj/LaunchScreen.storyboard; sourceTree = "<group>"; };
		64C72FE529F31204007EFB0B /* Info.plist */ = {isa = PBXFileReference; lastKnownFileType = text.plist.xml; path = Info.plist; sourceTree = "<group>"; };
		64C7301D29F41730007EFB0B /* SearchVC.swift */ = {isa = PBXFileReference; lastKnownFileType = sourcecode.swift; path = SearchVC.swift; sourceTree = "<group>"; };
		64C7301F29F4180E007EFB0B /* FavouritesListVC.swift */ = {isa = PBXFileReference; lastKnownFileType = sourcecode.swift; path = FavouritesListVC.swift; sourceTree = "<group>"; };
		64FC080629F5AC230070D585 /* GFButton.swift */ = {isa = PBXFileReference; lastKnownFileType = sourcecode.swift; path = GFButton.swift; sourceTree = "<group>"; };
		64FC080829F5B3B90070D585 /* GFTextField.swift */ = {isa = PBXFileReference; lastKnownFileType = sourcecode.swift; path = GFTextField.swift; sourceTree = "<group>"; };
		64FC080A29F5C8BB0070D585 /* FollowerListVC.swift */ = {isa = PBXFileReference; lastKnownFileType = sourcecode.swift; path = FollowerListVC.swift; sourceTree = "<group>"; };
/* End PBXFileReference section */

/* Begin PBXFrameworksBuildPhase section */
		64C72FD129F31201007EFB0B /* Frameworks */ = {
			isa = PBXFrameworksBuildPhase;
			buildActionMask = 2147483647;
			files = (
			);
			runOnlyForDeploymentPostprocessing = 0;
		};
/* End PBXFrameworksBuildPhase section */

/* Begin PBXGroup section */
		640BB7BF29F6688300B9CE69 /* Custom Views */ = {
			isa = PBXGroup;
			children = (
				640BB7BB29F6580100B9CE69 /* GFAlertVC.swift */,
				64FC080629F5AC230070D585 /* GFButton.swift */,
				64FC080829F5B3B90070D585 /* GFTextField.swift */,
				640BB7B529F6507B00B9CE69 /* GFTitleLabel.swift */,
				640BB7B729F6522D00B9CE69 /* GFBodyLabel.swift */,
			);
			path = "Custom Views";
			sourceTree = "<group>";
		};
		640BB7C029F669E200B9CE69 /* Screens */ = {
			isa = PBXGroup;
			children = (
				64C7301F29F4180E007EFB0B /* FavouritesListVC.swift */,
				64C7301D29F41730007EFB0B /* SearchVC.swift */,
				64FC080A29F5C8BB0070D585 /* FollowerListVC.swift */,
			);
			path = Screens;
			sourceTree = "<group>";
		};
		640BB7C129F66A2000B9CE69 /* Extensions */ = {
			isa = PBXGroup;
			children = (
				640BB7BD29F6638B00B9CE69 /* UIViewController+Ext.swift */,
			);
			path = Extensions;
			sourceTree = "<group>";
		};
		640BB7C229F66B5100B9CE69 /* Support */ = {
			isa = PBXGroup;
			children = (
				64C72FD729F31201007EFB0B /* AppDelegate.swift */,
				64C72FD929F31201007EFB0B /* SceneDelegate.swift */,
				64C72FE029F31204007EFB0B /* Assets.xcassets */,
				64C72FE229F31204007EFB0B /* LaunchScreen.storyboard */,
			);
			path = Support;
			sourceTree = "<group>";
		};
		6495C1D629F973DD00F225BC /* Model */ = {
			isa = PBXGroup;
			children = (
				6495C1D729F973F000F225BC /* Follower.swift */,
				6495C1D929F9740300F225BC /* User.swift */,
			);
			path = Model;
			sourceTree = "<group>";
		};
		6495C1DB29F9942F00F225BC /* Manager */ = {
			isa = PBXGroup;
			children = (
				6495C1DC29F9944500F225BC /* NetworkManager.swift */,
			);
			path = Manager;
			sourceTree = "<group>";
		};
		64C72FCB29F31201007EFB0B = {
			isa = PBXGroup;
			children = (
				64C72FD629F31201007EFB0B /* Github followers */,
				64C72FD529F31201007EFB0B /* Products */,
			);
			sourceTree = "<group>";
		};
		64C72FD529F31201007EFB0B /* Products */ = {
			isa = PBXGroup;
			children = (
				64C72FD429F31201007EFB0B /* Github followers.app */,
			);
			name = Products;
			sourceTree = "<group>";
		};
		64C72FD629F31201007EFB0B /* Github followers */ = {
			isa = PBXGroup;
			children = (
				640BB7BF29F6688300B9CE69 /* Custom Views */,
				6495C1DB29F9942F00F225BC /* Manager */,
				640BB7C029F669E200B9CE69 /* Screens */,
				6495C1D629F973DD00F225BC /* Model */,
				64C72FE529F31204007EFB0B /* Info.plist */,
				640BB7C229F66B5100B9CE69 /* Support */,
				640BB7C129F66A2000B9CE69 /* Extensions */,
			);
			path = "Github followers";
			sourceTree = "<group>";
		};
/* End PBXGroup section */

/* Begin PBXNativeTarget section */
		64C72FD329F31201007EFB0B /* Github followers */ = {
			isa = PBXNativeTarget;
			buildConfigurationList = 64C72FE829F31204007EFB0B /* Build configuration list for PBXNativeTarget "Github followers" */;
			buildPhases = (
				64C72FD029F31201007EFB0B /* Sources */,
				64C72FD129F31201007EFB0B /* Frameworks */,
				64C72FD229F31201007EFB0B /* Resources */,
			);
			buildRules = (
			);
			dependencies = (
			);
			name = "Github followers";
			productName = "Github followers";
			productReference = 64C72FD429F31201007EFB0B /* Github followers.app */;
			productType = "com.apple.product-type.application";
		};
/* End PBXNativeTarget section */

/* Begin PBXProject section */
		64C72FCC29F31201007EFB0B /* Project object */ = {
			isa = PBXProject;
			attributes = {
				BuildIndependentTargetsInParallel = 1;
				LastSwiftUpdateCheck = 1420;
				LastUpgradeCheck = 1420;
				TargetAttributes = {
					64C72FD329F31201007EFB0B = {
						CreatedOnToolsVersion = 14.2;
					};
				};
			};
			buildConfigurationList = 64C72FCF29F31201007EFB0B /* Build configuration list for PBXProject "Github followers" */;
			compatibilityVersion = "Xcode 14.0";
			developmentRegion = en;
			hasScannedForEncodings = 0;
			knownRegions = (
				en,
				Base,
			);
			mainGroup = 64C72FCB29F31201007EFB0B;
			productRefGroup = 64C72FD529F31201007EFB0B /* Products */;
			projectDirPath = "";
			projectRoot = "";
			targets = (
				64C72FD329F31201007EFB0B /* Github followers */,
			);
		};
/* End PBXProject section */

/* Begin PBXResourcesBuildPhase section */
		64C72FD229F31201007EFB0B /* Resources */ = {
			isa = PBXResourcesBuildPhase;
			buildActionMask = 2147483647;
			files = (
				64C72FE429F31204007EFB0B /* LaunchScreen.storyboard in Resources */,
				64C72FE129F31204007EFB0B /* Assets.xcassets in Resources */,
			);
			runOnlyForDeploymentPostprocessing = 0;
		};
/* End PBXResourcesBuildPhase section */

/* Begin PBXSourcesBuildPhase section */
		64C72FD029F31201007EFB0B /* Sources */ = {
			isa = PBXSourcesBuildPhase;
			buildActionMask = 2147483647;
			files = (
				6495C1DA29F9740300F225BC /* User.swift in Sources */,
				64FC080929F5B3B90070D585 /* GFTextField.swift in Sources */,
				64C7301E29F41730007EFB0B /* SearchVC.swift in Sources */,
				64FC080729F5AC230070D585 /* GFButton.swift in Sources */,
				640BB7BE29F6638B00B9CE69 /* UIViewController+Ext.swift in Sources */,
				64C72FD829F31201007EFB0B /* AppDelegate.swift in Sources */,
				640BB7BC29F6580100B9CE69 /* GFAlertVC.swift in Sources */,
				640BB7B629F6507B00B9CE69 /* GFTitleLabel.swift in Sources */,
				6495C1D829F973F000F225BC /* Follower.swift in Sources */,
				64FC080B29F5C8BB0070D585 /* FollowerListVC.swift in Sources */,
				6495C1DD29F9944500F225BC /* NetworkManager.swift in Sources */,
				640BB7B829F6522D00B9CE69 /* GFBodyLabel.swift in Sources */,
				64C7302029F4180E007EFB0B /* FavouritesListVC.swift in Sources */,
				64C72FDA29F31201007EFB0B /* SceneDelegate.swift in Sources */,
			);
			runOnlyForDeploymentPostprocessing = 0;
		};
/* End PBXSourcesBuildPhase section */

/* Begin PBXVariantGroup section */
		64C72FE229F31204007EFB0B /* LaunchScreen.storyboard */ = {
			isa = PBXVariantGroup;
			children = (
				64C72FE329F31204007EFB0B /* Base */,
			);
			name = LaunchScreen.storyboard;
			sourceTree = "<group>";
		};
/* End PBXVariantGroup section */

/* Begin XCBuildConfiguration section */
		64C72FE629F31204007EFB0B /* Debug */ = {
			isa = XCBuildConfiguration;
			buildSettings = {
				ALWAYS_SEARCH_USER_PATHS = NO;
				CLANG_ANALYZER_NONNULL = YES;
				CLANG_ANALYZER_NUMBER_OBJECT_CONVERSION = YES_AGGRESSIVE;
				CLANG_CXX_LANGUAGE_STANDARD = "gnu++20";
				CLANG_ENABLE_MODULES = YES;
				CLANG_ENABLE_OBJC_ARC = YES;
				CLANG_ENABLE_OBJC_WEAK = YES;
				CLANG_WARN_BLOCK_CAPTURE_AUTORELEASING = YES;
				CLANG_WARN_BOOL_CONVERSION = YES;
				CLANG_WARN_COMMA = YES;
				CLANG_WARN_CONSTANT_CONVERSION = YES;
				CLANG_WARN_DEPRECATED_OBJC_IMPLEMENTATIONS = YES;
				CLANG_WARN_DIRECT_OBJC_ISA_USAGE = YES_ERROR;
				CLANG_WARN_DOCUMENTATION_COMMENTS = YES;
				CLANG_WARN_EMPTY_BODY = YES;
				CLANG_WARN_ENUM_CONVERSION = YES;
				CLANG_WARN_INFINITE_RECURSION = YES;
				CLANG_WARN_INT_CONVERSION = YES;
				CLANG_WARN_NON_LITERAL_NULL_CONVERSION = YES;
				CLANG_WARN_OBJC_IMPLICIT_RETAIN_SELF = YES;
				CLANG_WARN_OBJC_LITERAL_CONVERSION = YES;
				CLANG_WARN_OBJC_ROOT_CLASS = YES_ERROR;
				CLANG_WARN_QUOTED_INCLUDE_IN_FRAMEWORK_HEADER = YES;
				CLANG_WARN_RANGE_LOOP_ANALYSIS = YES;
				CLANG_WARN_STRICT_PROTOTYPES = YES;
				CLANG_WARN_SUSPICIOUS_MOVE = YES;
				CLANG_WARN_UNGUARDED_AVAILABILITY = YES_AGGRESSIVE;
				CLANG_WARN_UNREACHABLE_CODE = YES;
				CLANG_WARN__DUPLICATE_METHOD_MATCH = YES;
				COPY_PHASE_STRIP = NO;
				DEBUG_INFORMATION_FORMAT = dwarf;
				ENABLE_STRICT_OBJC_MSGSEND = YES;
				ENABLE_TESTABILITY = YES;
				GCC_C_LANGUAGE_STANDARD = gnu11;
				GCC_DYNAMIC_NO_PIC = NO;
				GCC_NO_COMMON_BLOCKS = YES;
				GCC_OPTIMIZATION_LEVEL = 0;
				GCC_PREPROCESSOR_DEFINITIONS = (
					"DEBUG=1",
					"$(inherited)",
				);
				GCC_WARN_64_TO_32_BIT_CONVERSION = YES;
				GCC_WARN_ABOUT_RETURN_TYPE = YES_ERROR;
				GCC_WARN_UNDECLARED_SELECTOR = YES;
				GCC_WARN_UNINITIALIZED_AUTOS = YES_AGGRESSIVE;
				GCC_WARN_UNUSED_FUNCTION = YES;
				GCC_WARN_UNUSED_VARIABLE = YES;
				IPHONEOS_DEPLOYMENT_TARGET = 16.2;
				MTL_ENABLE_DEBUG_INFO = INCLUDE_SOURCE;
				MTL_FAST_MATH = YES;
				ONLY_ACTIVE_ARCH = YES;
				SDKROOT = iphoneos;
				SWIFT_ACTIVE_COMPILATION_CONDITIONS = DEBUG;
				SWIFT_OPTIMIZATION_LEVEL = "-Onone";
			};
			name = Debug;
		};
		64C72FE729F31204007EFB0B /* Release */ = {
			isa = XCBuildConfiguration;
			buildSettings = {
				ALWAYS_SEARCH_USER_PATHS = NO;
				CLANG_ANALYZER_NONNULL = YES;
				CLANG_ANALYZER_NUMBER_OBJECT_CONVERSION = YES_AGGRESSIVE;
				CLANG_CXX_LANGUAGE_STANDARD = "gnu++20";
				CLANG_ENABLE_MODULES = YES;
				CLANG_ENABLE_OBJC_ARC = YES;
				CLANG_ENABLE_OBJC_WEAK = YES;
				CLANG_WARN_BLOCK_CAPTURE_AUTORELEASING = YES;
				CLANG_WARN_BOOL_CONVERSION = YES;
				CLANG_WARN_COMMA = YES;
				CLANG_WARN_CONSTANT_CONVERSION = YES;
				CLANG_WARN_DEPRECATED_OBJC_IMPLEMENTATIONS = YES;
				CLANG_WARN_DIRECT_OBJC_ISA_USAGE = YES_ERROR;
				CLANG_WARN_DOCUMENTATION_COMMENTS = YES;
				CLANG_WARN_EMPTY_BODY = YES;
				CLANG_WARN_ENUM_CONVERSION = YES;
				CLANG_WARN_INFINITE_RECURSION = YES;
				CLANG_WARN_INT_CONVERSION = YES;
				CLANG_WARN_NON_LITERAL_NULL_CONVERSION = YES;
				CLANG_WARN_OBJC_IMPLICIT_RETAIN_SELF = YES;
				CLANG_WARN_OBJC_LITERAL_CONVERSION = YES;
				CLANG_WARN_OBJC_ROOT_CLASS = YES_ERROR;
				CLANG_WARN_QUOTED_INCLUDE_IN_FRAMEWORK_HEADER = YES;
				CLANG_WARN_RANGE_LOOP_ANALYSIS = YES;
				CLANG_WARN_STRICT_PROTOTYPES = YES;
				CLANG_WARN_SUSPICIOUS_MOVE = YES;
				CLANG_WARN_UNGUARDED_AVAILABILITY = YES_AGGRESSIVE;
				CLANG_WARN_UNREACHABLE_CODE = YES;
				CLANG_WARN__DUPLICATE_METHOD_MATCH = YES;
				COPY_PHASE_STRIP = NO;
				DEBUG_INFORMATION_FORMAT = "dwarf-with-dsym";
				ENABLE_NS_ASSERTIONS = NO;
				ENABLE_STRICT_OBJC_MSGSEND = YES;
				GCC_C_LANGUAGE_STANDARD = gnu11;
				GCC_NO_COMMON_BLOCKS = YES;
				GCC_WARN_64_TO_32_BIT_CONVERSION = YES;
				GCC_WARN_ABOUT_RETURN_TYPE = YES_ERROR;
				GCC_WARN_UNDECLARED_SELECTOR = YES;
				GCC_WARN_UNINITIALIZED_AUTOS = YES_AGGRESSIVE;
				GCC_WARN_UNUSED_FUNCTION = YES;
				GCC_WARN_UNUSED_VARIABLE = YES;
				IPHONEOS_DEPLOYMENT_TARGET = 16.2;
				MTL_ENABLE_DEBUG_INFO = NO;
				MTL_FAST_MATH = YES;
				SDKROOT = iphoneos;
				SWIFT_COMPILATION_MODE = wholemodule;
				SWIFT_OPTIMIZATION_LEVEL = "-O";
				VALIDATE_PRODUCT = YES;
			};
			name = Release;
		};
		64C72FE929F31204007EFB0B /* Debug */ = {
			isa = XCBuildConfiguration;
			buildSettings = {
				ASSETCATALOG_COMPILER_APPICON_NAME = AppIcon;
				ASSETCATALOG_COMPILER_GLOBAL_ACCENT_COLOR_NAME = AccentColor;
				CODE_SIGN_STYLE = Automatic;
				CURRENT_PROJECT_VERSION = 1;
				DEVELOPMENT_TEAM = JF9DY65G2M;
				GENERATE_INFOPLIST_FILE = YES;
				INFOPLIST_FILE = "Github followers/Info.plist";
				INFOPLIST_KEY_UIApplicationSupportsIndirectInputEvents = YES;
				INFOPLIST_KEY_UILaunchStoryboardName = LaunchScreen;
				INFOPLIST_KEY_UISupportedInterfaceOrientations = UIInterfaceOrientationPortrait;
				INFOPLIST_KEY_UISupportedInterfaceOrientations_iPad = "UIInterfaceOrientationLandscapeLeft UIInterfaceOrientationLandscapeRight UIInterfaceOrientationPortrait UIInterfaceOrientationPortraitUpsideDown";
				LD_RUNPATH_SEARCH_PATHS = (
					"$(inherited)",
					"@executable_path/Frameworks",
				);
				MARKETING_VERSION = 1.0;
				PRODUCT_BUNDLE_IDENTIFIER = "meru.Github-followers";
				PRODUCT_NAME = "$(TARGET_NAME)";
				SWIFT_EMIT_LOC_STRINGS = YES;
				SWIFT_VERSION = 5.0;
				TARGETED_DEVICE_FAMILY = "1,2";
			};
			name = Debug;
		};
		64C72FEA29F31204007EFB0B /* Release */ = {
			isa = XCBuildConfiguration;
			buildSettings = {
				ASSETCATALOG_COMPILER_APPICON_NAME = AppIcon;
				ASSETCATALOG_COMPILER_GLOBAL_ACCENT_COLOR_NAME = AccentColor;
				CODE_SIGN_STYLE = Automatic;
				CURRENT_PROJECT_VERSION = 1;
				DEVELOPMENT_TEAM = JF9DY65G2M;
				GENERATE_INFOPLIST_FILE = YES;
				INFOPLIST_FILE = "Github followers/Info.plist";
				INFOPLIST_KEY_UIApplicationSupportsIndirectInputEvents = YES;
				INFOPLIST_KEY_UILaunchStoryboardName = LaunchScreen;
				INFOPLIST_KEY_UISupportedInterfaceOrientations = UIInterfaceOrientationPortrait;
				INFOPLIST_KEY_UISupportedInterfaceOrientations_iPad = "UIInterfaceOrientationLandscapeLeft UIInterfaceOrientationLandscapeRight UIInterfaceOrientationPortrait UIInterfaceOrientationPortraitUpsideDown";
				LD_RUNPATH_SEARCH_PATHS = (
					"$(inherited)",
					"@executable_path/Frameworks",
				);
				MARKETING_VERSION = 1.0;
				PRODUCT_BUNDLE_IDENTIFIER = "meru.Github-followers";
				PRODUCT_NAME = "$(TARGET_NAME)";
				SWIFT_EMIT_LOC_STRINGS = YES;
				SWIFT_VERSION = 5.0;
				TARGETED_DEVICE_FAMILY = "1,2";
			};
			name = Release;
		};
/* End XCBuildConfiguration section */

/* Begin XCConfigurationList section */
		64C72FCF29F31201007EFB0B /* Build configuration list for PBXProject "Github followers" */ = {
			isa = XCConfigurationList;
			buildConfigurations = (
				64C72FE629F31204007EFB0B /* Debug */,
				64C72FE729F31204007EFB0B /* Release */,
			);
			defaultConfigurationIsVisible = 0;
			defaultConfigurationName = Release;
		};
		64C72FE829F31204007EFB0B /* Build configuration list for PBXNativeTarget "Github followers" */ = {
			isa = XCConfigurationList;
			buildConfigurations = (
				64C72FE929F31204007EFB0B /* Debug */,
				64C72FEA29F31204007EFB0B /* Release */,
			);
			defaultConfigurationIsVisible = 0;
			defaultConfigurationName = Release;
		};
/* End XCConfigurationList section */
	};
	rootObject = 64C72FCC29F31201007EFB0B /* Project object */;
}
